
Microsoft Visual Studio Solution File, Format Version 12.00
# Visual Studio Version 17
VisualStudioVersion = 17.0.32112.339
MinimumVisualStudioVersion = 10.0.40219.1
Project("{9A19103F-16F7-4668-BE54-9A1E7A4F7556}") = "MilkProject.Web", "MilkProject\MilkProject.Web.csproj", "{0136551F-C314-4D09-A8EF-EF056F9C9EC1}"
EndProject
Project("{9A19103F-16F7-4668-BE54-9A1E7A4F7556}") = "MilkProject.DB", "MilkProject.DB\MilkProject.DB.csproj", "{42D91819-2708-40FE-A986-7A2FEDEE99E6}"
EndProject
Project("{FAE04EC0-301F-11D3-BF4B-00C04F79EFBC}") = "MilkProject.Business", "MilkProject.Business\MilkProject.Business.csproj", "{9B4B04E5-66B3-4CF0-9D98-959EC743083D}"
EndProject
Global
	GlobalSection(SolutionConfigurationPlatforms) = preSolution
		Debug|Any CPU = Debug|Any CPU
		Release|Any CPU = Release|Any CPU
	EndGlobalSection
	GlobalSection(ProjectConfigurationPlatforms) = postSolution
		{0136551F-C314-4D09-A8EF-EF056F9C9EC1}.Debug|Any CPU.ActiveCfg = Debug|Any CPU
		{0136551F-C314-4D09-A8EF-EF056F9C9EC1}.Debug|Any CPU.Build.0 = Debug|Any CPU
		{0136551F-C314-4D09-A8EF-EF056F9C9EC1}.Release|Any CPU.ActiveCfg = Release|Any CPU
		{0136551F-C314-4D09-A8EF-EF056F9C9EC1}.Release|Any CPU.Build.0 = Release|Any CPU
		{42D91819-2708-40FE-A986-7A2FEDEE99E6}.Debug|Any CPU.ActiveCfg = Debug|Any CPU
		{42D91819-2708-40FE-A986-7A2FEDEE99E6}.Debug|Any CPU.Build.0 = Debug|Any CPU
		{42D91819-2708-40FE-A986-7A2FEDEE99E6}.Release|Any CPU.ActiveCfg = Release|Any CPU
		{42D91819-2708-40FE-A986-7A2FEDEE99E6}.Release|Any CPU.Build.0 = Release|Any CPU
		{9B4B04E5-66B3-4CF0-9D98-959EC743083D}.Debug|Any CPU.ActiveCfg = Debug|Any CPU
		{9B4B04E5-66B3-4CF0-9D98-959EC743083D}.Debug|Any CPU.Build.0 = Debug|Any CPU
		{9B4B04E5-66B3-4CF0-9D98-959EC743083D}.Release|Any CPU.ActiveCfg = Release|Any CPU
		{9B4B04E5-66B3-4CF0-9D98-959EC743083D}.Release|Any CPU.Build.0 = Release|Any CPU
	EndGlobalSection
	GlobalSection(SolutionProperties) = preSolution
		HideSolutionNode = FALSE
	EndGlobalSection
	GlobalSection(ExtensibilityGlobals) = postSolution
		SolutionGuid = {734E60BC-F316-4CBB-86D4-92F21E47BA04}
	EndGlobalSection
EndGlobal
